
Microsoft Visual Studio Solution File, Format Version 12.00
# Visual Studio Version 17
VisualStudioVersion = 17.8.34330.188
MinimumVisualStudioVersion = 10.0.40219.1
Project("{FAE04EC0-301F-11D3-BF4B-00C04F79EFBC}") = "FurkanYasinKerem", "FurkanYasinKerem\FurkanYasinKerem.csproj", "{EDEC13BE-997A-48A5-9570-4E0938954EE1}"
EndProject
Project("{FAE04EC0-301F-11D3-BF4B-00C04F79EFBC}") = "FykDtos", "FykDtos\FykDtos.csproj", "{5E90ACDE-EBD4-49E7-B1F0-D1A80A1786C7}"
EndProject
Project("{FAE04EC0-301F-11D3-BF4B-00C04F79EFBC}") = "Fyk.DAL", "Fyk.DAL\Fyk.DAL.csproj", "{4E228CE9-C06A-4343-9643-F5F730E2991B}"
EndProject
Project("{FAE04EC0-301F-11D3-BF4B-00C04F79EFBC}") = "Fyk.BLL", "Fyk.BLL\Fyk.BLL.csproj", "{65EAF04A-6C27-4216-84A9-64AF31FE44EF}"
EndProject
Project("{FAE04EC0-301F-11D3-BF4B-00C04F79EFBC}") = "Fyk.Entities", "Fyk.Entities\Fyk.Entities.csproj", "{B906A652-A004-49FE-A971-2D1C25A866F2}"
EndProject
Global
	GlobalSection(SolutionConfigurationPlatforms) = preSolution
		Debug|Any CPU = Debug|Any CPU
		Release|Any CPU = Release|Any CPU
	EndGlobalSection
	GlobalSection(ProjectConfigurationPlatforms) = postSolution
		{EDEC13BE-997A-48A5-9570-4E0938954EE1}.Debug|Any CPU.ActiveCfg = Debug|Any CPU
		{EDEC13BE-997A-48A5-9570-4E0938954EE1}.Debug|Any CPU.Build.0 = Debug|Any CPU
		{EDEC13BE-997A-48A5-9570-4E0938954EE1}.Release|Any CPU.ActiveCfg = Release|Any CPU
		{EDEC13BE-997A-48A5-9570-4E0938954EE1}.Release|Any CPU.Build.0 = Release|Any CPU
		{5E90ACDE-EBD4-49E7-B1F0-D1A80A1786C7}.Debug|Any CPU.ActiveCfg = Debug|Any CPU
		{5E90ACDE-EBD4-49E7-B1F0-D1A80A1786C7}.Debug|Any CPU.Build.0 = Debug|Any CPU
		{5E90ACDE-EBD4-49E7-B1F0-D1A80A1786C7}.Release|Any CPU.ActiveCfg = Release|Any CPU
		{5E90ACDE-EBD4-49E7-B1F0-D1A80A1786C7}.Release|Any CPU.Build.0 = Release|Any CPU
		{4E228CE9-C06A-4343-9643-F5F730E2991B}.Debug|Any CPU.ActiveCfg = Debug|Any CPU
		{4E228CE9-C06A-4343-9643-F5F730E2991B}.Debug|Any CPU.Build.0 = Debug|Any CPU
		{4E228CE9-C06A-4343-9643-F5F730E2991B}.Release|Any CPU.ActiveCfg = Release|Any CPU
		{4E228CE9-C06A-4343-9643-F5F730E2991B}.Release|Any CPU.Build.0 = Release|Any CPU
		{65EAF04A-6C27-4216-84A9-64AF31FE44EF}.Debug|Any CPU.ActiveCfg = Debug|Any CPU
		{65EAF04A-6C27-4216-84A9-64AF31FE44EF}.Debug|Any CPU.Build.0 = Debug|Any CPU
		{65EAF04A-6C27-4216-84A9-64AF31FE44EF}.Release|Any CPU.ActiveCfg = Release|Any CPU
		{65EAF04A-6C27-4216-84A9-64AF31FE44EF}.Release|Any CPU.Build.0 = Release|Any CPU
		{B906A652-A004-49FE-A971-2D1C25A866F2}.Debug|Any CPU.ActiveCfg = Debug|Any CPU
		{B906A652-A004-49FE-A971-2D1C25A866F2}.Debug|Any CPU.Build.0 = Debug|Any CPU
		{B906A652-A004-49FE-A971-2D1C25A866F2}.Release|Any CPU.ActiveCfg = Release|Any CPU
		{B906A652-A004-49FE-A971-2D1C25A866F2}.Release|Any CPU.Build.0 = Release|Any CPU
	EndGlobalSection
	GlobalSection(SolutionProperties) = preSolution
		HideSolutionNode = FALSE
	EndGlobalSection
	GlobalSection(ExtensibilityGlobals) = postSolution
		SolutionGuid = {8F558F09-3430-40EF-8B89-A47583A37E52}
	EndGlobalSection
EndGlobal
